version: 1
checksums:
  65f0b2bcf7f26084eccbea1631cf7828:
    HomePage/hero/available: e1c96e5574f854f43fbdc768f77702bb
    HomePage/hero/notAvailable: 1dfdc11d5d640c5d55934865a704703c
    HomePage/hero/MohamedTahiri: 75f4e31a7d0b5ae401d387bccc56c9c1
    HomePage/hero/passionateAbout: a4b01c638aef2d8df0d49a7d27530111
    HomePage/hero/readyToJoin: 7344d57e856bb8eb6cd2b122545ffab0
    HomePage/hero/downloadResume: d2295851fe508fe0787e7c65f9149b66
    HomePage/hero/contactMe: 6551cee81e46cb6e610e5c113f31fb01
    HomePage/hero/passions/0: 6f5d564a22b443081fa73805bc3ebf47
    HomePage/hero/passions/1: 46876f21fb114b2e2c8d09584ebfc811
    HomePage/hero/passions/2: b45b703e4b2f869a3609b9b9e9bfe1fd
    HomePage/hero/passions/3: daf880f331ca1698f936953e1b2e21cc
    HomePage/hero/passions/4: 75f558b91517d3589d30f793b39d5461
    HomePage/hero/passions/5: a28fc6936a658426ac148662798c63ec
    HomePage/hero/passions/6: 7df3879e490535b11fb2579230f0d223
    HomePage/hero/passions/7: 84d913492c2d6a1897dfade8dd49b47f
    HomePage/hero/passions/8: 6a29e39b9b979bfc86275ae40326de64
    HomePage/hero/passions/9: 8ddfd984a67378a00518ec0d8a759c9a
    HomePage/aboutMe/badge: c458f6b3c3a2eec6d71aae91bd292093
    HomePage/aboutMe/title: ff4b92992a9db56a02a55acc45581beb
    HomePage/aboutMe/description: d2e2f6ae956c165c4f1e286b9e302186
    HomePage/aboutMe/timeline/steps/0/title: 08e45531fecd401855f0f610401d9592
    HomePage/aboutMe/timeline/steps/0/subtitle: c5965d16d872e4c185fb022e9cb06812
    HomePage/aboutMe/timeline/steps/0/description: 03b8f531cf120239209d2b6c8d1ec8e8
    HomePage/aboutMe/timeline/steps/0/learnMoreText: 2d6364bb9e1219ca23aa7e95e0ce352d
    HomePage/aboutMe/timeline/steps/1/title: 63bfefc105e4fb4f8ed79ac0bc8d0909
    HomePage/aboutMe/timeline/steps/1/subtitle: 0ce42e98ce416c6b295b825b73c1a4d9
    HomePage/aboutMe/timeline/steps/1/description: c20a651372ce2d13c0c581500c68676c
    HomePage/aboutMe/timeline/steps/1/learnMoreText: 7523edc2791953287903bc5ccc095428
    HomePage/aboutMe/timeline/steps/2/title: b06e17240a19b25a98eccb7a3aab1d97
    HomePage/aboutMe/timeline/steps/2/subtitle: f7bb2fe44310733e506cd2d27a732743
    HomePage/aboutMe/timeline/steps/2/description: 8d37dd72caf2d61601da9d5ea6753124
    HomePage/aboutMe/timeline/steps/2/learnMoreText: a58e62b55a836dc125530692a60c0fab
    HomePage/aboutMe/timeline/steps/3/title: de8ad74967f7e7ce4aec8e4f02cc409b
    HomePage/aboutMe/timeline/steps/3/subtitle: 3eb1981cd1b958b3e6df82ace2cf0432
    HomePage/aboutMe/timeline/steps/3/description: 78be0e2e6a914500239575286664a032
    HomePage/aboutMe/timeline/steps/4/title: 1d1786b55da20b9f3bb9a41e258c35aa
    HomePage/aboutMe/timeline/steps/4/subtitle: 26894cedbbe4c8c6b543e7baecb2221b
    HomePage/aboutMe/timeline/steps/4/description: 60891c508e0f71922e16ab44e78f85ce
    HomePage/aboutMe/timeline/steps/4/learnMoreText: ecf0178251c71384e437cc66d4145421
    HomePage/projects/badge: 97986ea766686e895f3c4d0f3730e9d5
    HomePage/projects/title: 8893048d7d4ea5f13d0099d7a1bfe006
    HomePage/projects/metadataTitle: 97986ea766686e895f3c4d0f3730e9d5
    HomePage/projects/description: c88b02dd532ead7ea76536ce0e0a658f
    HomePage/projects/summary: 580340b97518cdc695dc5c33409a8030
    HomePage/projects/whyThisProject: d1e389460cde7518b53c0660a93f4cfd
    HomePage/projects/features: f0b27c1f2a4946d54b85c2dd32ea2ad9
    HomePage/projects/viewCode: 127cd4a6d71dc73477983fc2dc9e2918
    HomePage/projects/closedSource: 168d06380556f8eac78bdd685a687355
    HomePage/projects/viewDetails: e5bf6609157307f12dc29b8e58e8be30
    HomePage/projects/backToProjects: 22c8c552752bd8a1700897bc14e9fc6d
    HomePage/projects/projects/0/title: 849505e6c5a404dd70bacd414e587dcf
    HomePage/projects/projects/0/shortDescription: e8ac1ec5f1691100305d2ca6466d46d1
    HomePage/projects/projects/0/description: b700249896bf4d23f05c90816ae989d9
    HomePage/projects/projects/0/goal: c6c939f345776b8d7db10cfed220b62e
    HomePage/projects/projects/0/features: f71329b2f70d25feeefdea49475c6c35
    HomePage/projects/projects/0/stack/0: 9104a97c2178733d73fd8df641a6a432
    HomePage/projects/projects/0/stack/1: a51e2989741bba2644267a2c1bf3a151
    HomePage/projects/projects/0/stack/2: 97e0286c2825524efb93ba79d0ff0b48
    HomePage/projects/projects/0/stack/3: 8a188d3d44da64d5939d53d05fe57c49
    HomePage/projects/projects/0/stack/4: 40c71c05edb7c0b173a4d267de424562
    HomePage/projects/projects/0/stack/5: 2a48a79d821c16b4fd317b1bad5bdfd9
    HomePage/projects/projects/0/stack/6: 6a19e70d1c7a74160e2186efaffc4fc3
    HomePage/projects/projects/1/title: 67a442eab0688e607272f2e19301c0fa
    HomePage/projects/projects/1/shortDescription: eae3be0927dc8a909f06544c53b84aeb
    HomePage/projects/projects/1/description: 741870000265be556b1c7c74070e3911
    HomePage/projects/projects/1/goal: 137249cb806cce7db55129db2bdc7764
    HomePage/projects/projects/1/features: e47fa192d5622b31a9ea64ba69ecda96
    HomePage/projects/projects/1/stack/0: 6f3c79ede015c6cf2890e7361e5f6fd4
    HomePage/projects/projects/1/stack/1: 49bc1ac3f70ea329006882f0b791b9c1
    HomePage/projects/projects/1/stack/2: 01ab9a153658cf7ed4998e8be537fc84
    HomePage/projects/projects/1/stack/3: 217e956da7a4dbb32d8f5ce91fbeea49
    HomePage/projects/projects/1/stack/4: b8bd8d84b024c30a5bb4c34d4e49587f
    HomePage/projects/projects/1/stack/5: 82dec0fed4d213e211b4f335115faf9d
    HomePage/projects/projects/1/stack/6: a49c29d34050780f26d509fc721161b0
    HomePage/projects/projects/2/title: 99a208d1d4d4b53016733327ad009a0f
    HomePage/projects/projects/2/shortDescription: 8cfa02d505d760b01c209c0529cab4a4
    HomePage/projects/projects/2/description: 787d215d9b2f99bb8fc12aca74c8c0b6
    HomePage/projects/projects/2/goal: 5c0044d61cd000d65eaa1cf62bb7ce73
    HomePage/projects/projects/2/features: e4598006fe551939d11b5a3e17d43ca9
    HomePage/projects/projects/2/stack/0: fab52944eac83f39473becf87aba4351
    HomePage/projects/projects/2/stack/1: 3eb7ec4eb27423ef0075f178ff6c34ae
    HomePage/projects/projects/2/stack/2: a9865221e9f05df0f42c02bfd2eaeb9f
    HomePage/projects/projects/2/stack/3: 602131af24072f2d72519688990f356b
    HomePage/projects/projects/2/stack/4: 36a50a7cbd93af870ddfc284a486f0ef
    HomePage/projects/projects/2/stack/5: f0477c449faaa4dde7e928bbf7726de8
    HomePage/projects/projects/2/stack/6: 4b5b8957bcea3ee2adee6231e6f2ea68
    HomePage/projects/view: f65c69e1cfeed0ba842131f8efb823e8
    HomePage/testimonials/badge: 5257472b668db0090e26d55654c71b4c
    HomePage/testimonials/title: 9d54a7a2e3f03a9dc195d11cb881d6bb
    HomePage/testimonials/description: f3a611aee36439623ba7085b9bc746ea
    HomePage/testimonials/list/first/author/name: 72b763be6e813529e1cd248138aae590
    HomePage/testimonials/list/first/author/handle: 5d995b3560a7bdf05b7c02d098f3589a
    HomePage/testimonials/list/first/text: 9fa4b982f3619deab24047c83d4203a3
    HomePage/testimonials/list/second/author/name: ab2609cae73018f30b5a7d77040bebc7
    HomePage/testimonials/list/second/author/handle: 2b4cef4fee72999f5cbb57259d258395
    HomePage/testimonials/list/second/text: ff6e0132f08eb5e17f0870a81ab6f788
    HomePage/testimonials/list/third/author/name: eca6100f86ef912d0d637f084c4c03c6
    HomePage/testimonials/list/third/author/handle: faa03cd6889d47e8a57086897d45aefa
    HomePage/testimonials/list/third/text: dade04b732fa2ae30cde084826841ecb
    HomePage/skills/badge: 2ca37f853903aee223b2b2e892492ead
    HomePage/skills/title: e1ade488f0ef9d0ea8d0a77dafbd593c
    HomePage/skills/description: 9a652362a4577f89336d6e3a9c7b0bb2
    HomePage/skills/note: b6abf4913e4e4e22069138693373f89a
    HomePage/skills/python/name: f396d32607ee0981634cb9f9b7665617
    HomePage/skills/python/description: bafcc38fe69f8ce1ce8e2f737e745882
    HomePage/skills/typeScript/name: d63d2a97f55baa75f353987658ddb0a0
    HomePage/skills/typeScript/description: a3a8ded13755bf1a639bdbda7a61ce19
    HomePage/skills/postgreSQL/name: a04c25ea63310392be4529d412de63f0
    HomePage/skills/postgreSQL/description: a7524a45acda11e963d02d33b822f2ca
    HomePage/skills/nextJs/name: 9104a97c2178733d73fd8df641a6a432
    HomePage/skills/nextJs/description: c681b80efc2712abe866568e7271ca63
    HomePage/skills/nestJs/name: a51e2989741bba2644267a2c1bf3a151
    HomePage/skills/nestJs/description: 95d0b48d417d48e69f4cc9dab219af34
    HomePage/skills/ciCd/name: 64ac861ba43fc3c41a851b23f5f6c2f3
    HomePage/skills/ciCd/description: 6f543e05cfb3b75418335bdb32740ac5
    HomePage/skills/lowLevel/name: dede0ae4c7e576528084aee06b252005
    HomePage/skills/lowLevel/description: 0a95099729d211f8370bd9d8c3ac5832
    HomePage/skills/andOther: b4d0e9b2b8e7eefebcbca947e11ce69d
    HomePage/skills/years: b1827ee79e816808b32898d24113a02b
    HomePage/skills/months: d2a4be796f29e30f6d76111b4267baeb
    HomePage/skills/moreThanOneYear: badffce96afab98f2314d04d30cd57b4
    HomePage/faq/badge: 47e0ee2eb40b4e7e732e05e2233fc71c
    HomePage/faq/title: bd21726d1e06484e865f8b5f9a86542e
    HomePage/faq/description: 2a203bfa53968ad9ab3b467d83173f22
    HomePage/faq/questions/0/question: 7c853921748ec88413c82c4157d5b412
    HomePage/faq/questions/0/answer: a03fce0f445a3c30c88b6b275e565867
    HomePage/faq/questions/1/question: 880ec8d540f8188e2d6b2b5a0f8ae426
    HomePage/faq/questions/1/answer: 93bd755bb777bae1e451f25b4b7cc717
    HomePage/faq/questions/2/question: a26f1e02de5ca3b742f4bfba730cc3c5
    HomePage/faq/questions/2/answer: a9c3cb908b9b672f27e5ac1383357190
    footer/badge: 79474bf2b6a64c64e9ff7d3a4c6950c1
    footer/contact/badge: 9afa39bc47019ee6dec6c74b6273967c
    footer/contact/title: 6957358bf8780ac4fda1a3e7596628b2
    footer/contact/subtitle/first: f66a6af9768ece6c7ab5e29134b1b952
    footer/contact/subtitle/second: 8c4928b9af8039c4c482cc7b67816343
    footer/contact/or: 4cb7c5a9a1b583ee426616e902b1184c
    footer/contact/copyEmail: e3f3fb2037cad7e97d5aca62f87bbe59
    footer/contact/copied: 472166f7c3ee2c0a5a0cf330d3e23dcc
    footer/contact/form/namePlaceholder: 6bb64bc27703733d920cec89d90a7db7
    footer/contact/form/emailPlaceholder: feefd25fd70e845bd983765cfd48b6a7
    footer/contact/form/companyPlaceholder: 41bef4d9059a6d26271d4f8096f97946
    footer/contact/form/messagePlaceholder: bc7caab6167958fb391ca575b38ca1b9
    footer/contact/form/sendButton: fce32096f9c5cc77a74afc687705d8f1
    footer/contact/form/sendingButton: b8894179cb59ff48a654d5f181383b30
    footer/contact/form/successMessage: 9054330f1d80bd455e1c419aa2add99d
    footer/contact/form/errorMessage: 125006d12e312b65aaf1f9e6976af792
    footer/contact/form/rateLimitMessage: 0d2bb182e8754759f5b8a4ca9a07c24b
    footer/contact/form/validation/emailInvalid: a1c67e14ccbcc1dea7b79c9c93f029fe
    footer/contact/form/validation/nameMinLength: 93e1e305e550671e5687cfb0a81cb3bf
    footer/contact/form/validation/nameMaxLength: 63f8aebb8642fdda67e4833ae4cfe81a
    footer/contact/form/validation/companyMinLength: f69dc4848e694a699ad724b7e9b2493e
    footer/contact/form/validation/companyMaxLength: 521cd95f2cb1230b4ae9c6c8d76e0962
    footer/contact/form/validation/messageMinLength: 2ed7c00352bab6b669437c15c511d3d9
    footer/contact/form/validation/messageMaxLength: 6a96ae1a4f4e65b4aeb17bfbe2376a56
    footer/contact/form/turnstileError: 564a1b2eb56ef66bcd2e07a7b51d0140
    shared/defaultTitle: 75f4e31a7d0b5ae401d387bccc56c9c1
    shared/defaultDescription: 2c355ee70a930a738ed710c5e7569d09
    shared/modeToggle/light: c9a2fff7835d9289268b18208376cb49
    shared/modeToggle/dark: 9c8fabef2d1b4bd8e123616261f1cde0
    shared/modeToggle/system: 0c5fc5396b30a5ed8a4978598d288367
    shared/modeToggle/toggle: 82b6d4f7fa387eb37ced4d0d2869be8b
    shared/noScriptBanner/message: 71686efdd8a954752573fd770aeb30ab
    shared/languageSwitch: fc7e794889c9efe69881ea9272073ca4
    shared/close: e2331ecf9ad1fa6cbd8d3fb0b16c3a27
    shared/readMore: ba534b36b5156afbe93cb112de294c41
    notFound/title: 3f79d1d2203b91fd09d5c25a6d34f61a
    notFound/description: 2d3a879186b4387d0a1439b22a45d3a1
    notFound/goHome: 4932f4c16b2a411e55081b84561ed91a
    error/title: 60a7fe65d897091ca1471544c8f4f18f
    error/description: 9396c9695cff4cef68b68e97cdad8553
    error/technicalDetails: eb6c2a112f4a7035126449d789a6182b
    error/tryAgain: abb1e7819aac5ef9eb5933a7af8231cc
    error/goHome: 4932f4c16b2a411e55081b84561ed91a
    navbar/contactMe: 2cd8ea129ef3754d55044bc2ef3a86a3
    navbar/sections/hero: 16efb1ccf70ee001426379bc6d6bc2f5
    navbar/sections/about: c458f6b3c3a2eec6d71aae91bd292093
    navbar/sections/projects: 97986ea766686e895f3c4d0f3730e9d5
    navbar/sections/testimonials: 5257472b668db0090e26d55654c71b4c
    navbar/sections/faq: 47e0ee2eb40b4e7e732e05e2233fc71c
    header/note: d0e0ecec3b57f77df444bbb5ce177fa7
