version: 1
checksums:
  65f0b2bcf7f26084eccbea1631cf7828:
    HomePage/hero/available: 216de63cd5d8bf0bc1cfb470cb2d924b
    HomePage/hero/MohamedTahiri: 75f4e31a7d0b5ae401d387bccc56c9c1
    HomePage/hero/passionateAbout: ed7dc711cfb1c1cbd9a474fb6a224dbb
    HomePage/hero/readyToJoin: 3c20bc94ab6f795631ac9e7c3735b55f
    HomePage/hero/downloadResume: 921ce5a6d547ff0198e4f381bb7042c7
    HomePage/hero/contactMe: a6e7fa10e8e1473c3cfae16f81e564fd
    HomePage/hero/passions/computerScience: 3c6244bd5c85d0085fe8c2c70ee57171
    HomePage/hero/passions/coding: 89f117ec45b07bc87b3faab6a6ebb22b
    HomePage/hero/passions/engineering: ce5f2aaa903a801b90e3b3d1261f9f62
    HomePage/hero/passions/Python: f396d32607ee0981634cb9f9b7665617
    HomePage/hero/passions/NextJS: 9104a97c2178733d73fd8df641a6a432
    HomePage/hero/passions/Backend: 3fbd08ffd1724ca0549c7036a5543165
    HomePage/hero/passions/TypeScript: d63d2a97f55baa75f353987658ddb0a0
    HomePage/hero/passions/NestJS: a51e2989741bba2644267a2c1bf3a151
    HomePage/testimonials/badge: e958aa3d3743031e2cbfbfd8f1e381f6
    HomePage/testimonials/title: bf53e8dee0e5db47b9351062bbc8f953
    HomePage/testimonials/description: 4529b990e81e6124930dffd7e6e95a1d
    HomePage/testimonials/list/first/author/name: ab2609cae73018f30b5a7d77040bebc7
    HomePage/testimonials/list/first/author/handle: a60c831b5ea49b01908bd8e01e0f27de
    HomePage/testimonials/list/first/text: 4c9c7e6844a698f6a2097b93ea935d5f
    HomePage/testimonials/list/second/author/name: febee8e9ab40b2fe5106d72675228d00
    HomePage/testimonials/list/second/author/handle: 0d416eb93da488657815b76a1e3925dc
    HomePage/testimonials/list/second/text: 28b0c06d43fad30c4da809411e451968
    HomePage/testimonials/list/third/author/name: 72b763be6e813529e1cd248138aae590
    HomePage/testimonials/list/third/author/handle: a87b9fd54a0b3177e8a3b8b9e867aefc
    HomePage/testimonials/list/third/text: 5951f8c0c10b7a39bf404fcaa6cd65c0
    HomePage/testimonials/list/fourth/author/name: eca6100f86ef912d0d637f084c4c03c6
    HomePage/testimonials/list/fourth/author/handle: faa03cd6889d47e8a57086897d45aefa
    HomePage/testimonials/list/fourth/text: 5951f8c0c10b7a39bf404fcaa6cd65c0
    HomePage/skills/badge: 7faf2ab216c560480105ef41f2264f11
    HomePage/skills/title: 4503710f360eac6ce17caf1c22c1bbfd
    HomePage/skills/description: 24a88f82b6ce8b8d893b14d55c0afa6e
    HomePage/skills/note: 5d9c0c00b3750d4c074971f802d4c8b6
    HomePage/skills/python/name: f396d32607ee0981634cb9f9b7665617
    HomePage/skills/python/description: b957df3689d771f8099d18c1ff2e85a2
    HomePage/skills/typeScript/name: d63d2a97f55baa75f353987658ddb0a0
    HomePage/skills/typeScript/description: 60328788f7891b70c96aa256ce9ec9fc
    HomePage/skills/postgreSQL/name: a04c25ea63310392be4529d412de63f0
    HomePage/skills/postgreSQL/description: f80873a1d9f80312f348fbd5264d9133
    HomePage/skills/nextJs/name: 9104a97c2178733d73fd8df641a6a432
    HomePage/skills/nextJs/description: 4ee3aa3b69abfcbc5d346fd0fb44dc3f
    HomePage/skills/nestJs/name: a51e2989741bba2644267a2c1bf3a151
    HomePage/skills/nestJs/description: aaec9aca048987aaa03eb12002f4aeaa
    HomePage/skills/ciCd/name: 64ac861ba43fc3c41a851b23f5f6c2f3
    HomePage/skills/ciCd/description: 81f7a14011b7db095405be8b71b293a9
    HomePage/skills/lowLevel/name: dede0ae4c7e576528084aee06b252005
    HomePage/skills/lowLevel/description: d733e9ab5f4f038bca84485cf3ccf4ba
    HomePage/skills/andOther: a76a7b4f474d4b93dcff81ca6297b789
    HomePage/skills/years: 894754a0fd1ccd6e4dd95a7dd62088eb
    HomePage/skills/months: d4e5fc570ca0d0d76ced2e3f9de48951
    HomePage/skills/moreThanOneYear: 0874e1a3d9641cf2f56503773acd06ef
    HomePage/aboutMe/badge: 2143f5406d1eec5b83cff6daa4ba873f
    HomePage/aboutMe/title: aa6383d6319ba85ab9fc0898b520ebb0
    HomePage/aboutMe/description: 48de7f2a83f30b502941e97f409576d3
    HomePage/aboutMe/timeline/steps/0/title: 5e0dd31ca3757808223b477d665924a5
    HomePage/aboutMe/timeline/steps/0/subtitle: e56bdb36c9e118ae793af60dc3963970
    HomePage/aboutMe/timeline/steps/0/description: c31055f08e6014a2b70ad737b38c761a
    HomePage/aboutMe/timeline/steps/0/learnMoreText: db5a5649de0618752254a8cf194a29a5
    HomePage/aboutMe/timeline/steps/1/title: 040b65fd6abc14f0b7da2df94bb5bb28
    HomePage/aboutMe/timeline/steps/1/subtitle: 2eecaff68af6bf96a0043ab7df454cd5
    HomePage/aboutMe/timeline/steps/1/description: 1eb46c6be1ebb979e62d72404a58241c
    HomePage/aboutMe/timeline/steps/1/learnMoreText: 7ed5e09a2a6e49cfaa443ae20ddb9aaf
    HomePage/aboutMe/timeline/steps/2/title: 61d284baafcdc62d510815ae9601153a
    HomePage/aboutMe/timeline/steps/2/subtitle: 9167132979ec56288770d91ceee221d5
    HomePage/aboutMe/timeline/steps/2/description: 9b2a7645abb061d596a62cfb14e53102
    HomePage/aboutMe/timeline/steps/3/title: 0790c9d25d14608ac24ecd77c9bf7bbf
    HomePage/aboutMe/timeline/steps/3/subtitle: c16e732e592463f16ea4adec70fd16ff
    HomePage/aboutMe/timeline/steps/3/description: 0f08b7dd2c72fc02ae1f5bef164b995c
    HomePage/aboutMe/timeline/steps/3/learnMoreText: 16436b5c2eca54588807921d905a2652
    HomePage/faq/badge: 47e0ee2eb40b4e7e732e05e2233fc71c
    HomePage/faq/title: 212c5c784d5580b2f8b9481cb102cb4c
    HomePage/faq/description: cd9482c8ebd75df2a1016e38bcc8ff46
    HomePage/faq/questions/0/question: 837019d4c11dac47b7106e14121450c2
    HomePage/faq/questions/0/answer: f7954172dd8828ab36d4c6a415740677
    HomePage/faq/questions/1/question: b95299a3d3ff4c75a84a54204f138507
    HomePage/faq/questions/1/answer: a49b11945f067feca7fc06f8247660e8
    HomePage/faq/questions/2/question: f252e836a05d884e060d3e2d7dcbce74
    HomePage/faq/questions/2/answer: d1a7737fc5491a8bf7a49f9321112487
    HomePage/faq/questions/3/question: cd21e5b12a620d6a155f78d4f0b06939
    HomePage/faq/questions/3/answer: b9f6852c175ff4e4455ff874bd42c53a
    HomePage/faq/questions/4/question: 6a2136b6dba6ea508b09850929621e05
    HomePage/faq/questions/4/answer: c36ef57dd7f486004ab97f6155ab0e50
    footer/badge: 8b48aa9cca77a080eceeca20cebb42b5
    footer/contact/badge: 9afa39bc47019ee6dec6c74b6273967c
    footer/contact/title: 35323605e31c113fd664486afc33f3eb
    footer/contact/subtitle/first: 78652a51eaf6c703994f7cdac7f1fa4d
    footer/contact/subtitle/second: fa9f62804a06d95a053a5b12ca00f866
    footer/contact/or: 7b133c38bec0d5ee23cc6bcf9a8de50b
    footer/contact/copyEmail: 8992c838874db83e3cc89c9fb4442bfd
    footer/contact/copied: 6a3c394a9a51646bad2f72d7311b242d
    footer/contact/form/namePlaceholder: cd95fbdd0533f2c2e8edf9d9bd9aa8df
    footer/contact/form/emailPlaceholder: 39931962707c99b99a5a073ab579396b
    footer/contact/form/companyPlaceholder: 36ad7bed737d4edff8d43da3b790caca
    footer/contact/form/messagePlaceholder: 33e73ad1e947846d8c99ab79822c0c6e
    footer/contact/form/sendButton: 19e7006870c6e407dece25ee8c9d5333
    footer/contact/form/sendingButton: 313baf79716ca9d57de864eaac4a602a
    footer/contact/form/successMessage: 61fc4af5418581db1b4241042effd316
    footer/contact/form/errorMessage: 587191a1921a4abea1edaae38b1bb548
    footer/contact/form/validation/emailInvalid: 4157c206eb09e5f58cd1804be8689c55
    footer/contact/form/validation/nameMinLength: 27963fec1e174e80df9a17047fa2ebff
    footer/contact/form/validation/nameMaxLength: 62a113de7bcca03e52cdcecb5ebc45cd
    footer/contact/form/validation/companyMinLength: 15b91ed11d66c41c480ae6e16f944810
    footer/contact/form/validation/companyMaxLength: fe90b1d98a86ee28755dff599f3601e4
    footer/contact/form/validation/messageMinLength: 6efae8e1df83a68c78c6d8b90f7c024c
    footer/contact/form/validation/messageMaxLength: 214d03697f6c7b0b7bd20082a356b66a
    shared/defaultTitle: 75f4e31a7d0b5ae401d387bccc56c9c1
    shared/defaultDescription: d06d24ed0610c2ccd8cd94ffce58d947
    shared/modeToggle/light: bb78ea2c6edd8662676c81a8a13ecb93
    shared/modeToggle/dark: 73e6e208ba628b26e90fcf6dce15e1b2
    shared/modeToggle/system: 803281c327a02a2feba182f4a2b38311
    shared/modeToggle/toggle: cf4f92cd5b5304031f4cd10b8ad93a2b
    shared/noScriptBanner/message: 0c08704849d9594520639071d518b9aa
    shared/languageSwitch: 53bea3a813015ca3bf2e4cc6a269fb74
    navbar/contactMe: a6e7fa10e8e1473c3cfae16f81e564fd
    navbar/sections/hero: 104a3db3b671c04e167eafbe21e57881
    navbar/sections/about: 2143f5406d1eec5b83cff6daa4ba873f
    navbar/sections/projects: fe8af5cfb3c95cb35534872a325b225e
    navbar/sections/testimonials: e958aa3d3743031e2cbfbfd8f1e381f6
    navbar/sections/faq: 47e0ee2eb40b4e7e732e05e2233fc71c
