version: 1
checksums:
  65f0b2bcf7f26084eccbea1631cf7828:
    HomePage/hero/available: 216de63cd5d8bf0bc1cfb470cb2d924b
    HomePage/hero/MohamedTahiri: 75f4e31a7d0b5ae401d387bccc56c9c1
    HomePage/hero/passionateAbout: ed7dc711cfb1c1cbd9a474fb6a224dbb
    HomePage/hero/readyToJoin: ee150119ca76bfbff98e722551b44e83
    HomePage/hero/downloadResume: 921ce5a6d547ff0198e4f381bb7042c7
    HomePage/hero/contactMe: a6e7fa10e8e1473c3cfae16f81e564fd
    HomePage/hero/viewLvmhCli: 5c9ab9a1b17f355782bf0781ad2c832d
    HomePage/hero/passions/0: 3c6244bd5c85d0085fe8c2c70ee57171
    HomePage/hero/passions/1: ce5f2aaa903a801b90e3b3d1261f9f62
    HomePage/hero/passions/2: 0ef5082d72b6a8e7f4a54ac138c3aa38
    HomePage/hero/passions/3: 89f117ec45b07bc87b3faab6a6ebb22b
    HomePage/hero/passions/4: f8863a4473490c0cbbe3f5171ab7ea10
    HomePage/hero/passions/5: 4634ab03b6513ba485af6f4b708773cc
    HomePage/hero/passions/6: 3fbd08ffd1724ca0549c7036a5543165
    HomePage/hero/passions/7: a6beea8eb74c4ace98802cbe59cd0c93
    HomePage/aboutMe/badge: 2143f5406d1eec5b83cff6daa4ba873f
    HomePage/aboutMe/title: aa6383d6319ba85ab9fc0898b520ebb0
    HomePage/aboutMe/description: e4ce9ce93ce8028a94b377ac6c390cd5
    HomePage/aboutMe/timeline/steps/0/title: 5e0dd31ca3757808223b477d665924a5
    HomePage/aboutMe/timeline/steps/0/subtitle: e56bdb36c9e118ae793af60dc3963970
    HomePage/aboutMe/timeline/steps/0/description: 86152b03b3a951207c3827a6f00eab7d
    HomePage/aboutMe/timeline/steps/0/learnMoreText: db5a5649de0618752254a8cf194a29a5
    HomePage/aboutMe/timeline/steps/1/title: e79f81f7839d6467853a9eb0e3664b0b
    HomePage/aboutMe/timeline/steps/1/subtitle: 809266f646428a90a5338399fdb5885a
    HomePage/aboutMe/timeline/steps/1/description: c56d209b3f93087c0ddad0e37bf6429b
    HomePage/aboutMe/timeline/steps/1/learnMoreText: 5553a8763e8c63d5f15f0ae470c0a780
    HomePage/aboutMe/timeline/steps/2/title: 040b65fd6abc14f0b7da2df94bb5bb28
    HomePage/aboutMe/timeline/steps/2/subtitle: 2eecaff68af6bf96a0043ab7df454cd5
    HomePage/aboutMe/timeline/steps/2/description: 14fc0a7eaa89c04f04af0afd26751a19
    HomePage/aboutMe/timeline/steps/2/learnMoreText: 7ed5e09a2a6e49cfaa443ae20ddb9aaf
    HomePage/aboutMe/timeline/steps/3/title: 5a0ad59b0005f86f1b43e3bc10abdfa6
    HomePage/aboutMe/timeline/steps/3/subtitle: 9167132979ec56288770d91ceee221d5
    HomePage/aboutMe/timeline/steps/3/description: c7d71e2d0b66c6625945b3800d949c78
    HomePage/aboutMe/timeline/steps/4/title: fb6d99da32bab07aa0aba3229abe8061
    HomePage/aboutMe/timeline/steps/4/subtitle: c16e732e592463f16ea4adec70fd16ff
    HomePage/aboutMe/timeline/steps/4/description: 5228194ce1190bccc3af0088d82f7dbf
    HomePage/aboutMe/timeline/steps/4/learnMoreText: 16436b5c2eca54588807921d905a2652
    HomePage/projects/badge: fe8af5cfb3c95cb35534872a325b225e
    HomePage/projects/title: cca8437b3dcdddaf8648c8b07c998688
    HomePage/projects/metadataTitle: fe8af5cfb3c95cb35534872a325b225e
    HomePage/projects/description: 1fe095903fcfe5642694fe09bd1eb3e9
    HomePage/projects/summary: 13eb7b8a239fb4702dfdaee69100a220
    HomePage/projects/whyThisProject: 472239fd646f53d86d63e9959e8bf932
    HomePage/projects/features: 341ff316a339b106a178f0b8d362951b
    HomePage/projects/viewCode: 933581d6443499f63c26b70257bd0760
    HomePage/projects/closedSource: 8b1268b414bc98fc84c8cac1a38a6531
    HomePage/projects/viewDetails: 885f3ad1c2e448d104a45c0291b79ba5
    HomePage/projects/backToProjects: 1e6900d1bda00c970b18ed2c828e0b30
    HomePage/projects/projects/0/title: b26e4d3e1f6b728a158b4d80f0f4b0c3
    HomePage/projects/projects/0/shortDescription: e76c92a7611be0c856fc6879790d24db
    HomePage/projects/projects/0/description: 2ded50c8997484c70e130ec423c7627d
    HomePage/projects/projects/0/goal: 9c7462af3d1b0e719fb6a35c58900d93
    HomePage/projects/projects/0/features: 9e4cbba042032d6b9c3b935a73c791cd
    HomePage/projects/projects/0/stack/0: 9104a97c2178733d73fd8df641a6a432
    HomePage/projects/projects/0/stack/1: a51e2989741bba2644267a2c1bf3a151
    HomePage/projects/projects/0/stack/2: 97e0286c2825524efb93ba79d0ff0b48
    HomePage/projects/projects/0/stack/3: 4b34923fef858a2b9a4a914c3e822889
    HomePage/projects/projects/0/stack/4: b836a3bccda9c2a573382518de4cc123
    HomePage/projects/projects/0/stack/5: 2a48a79d821c16b4fd317b1bad5bdfd9
    HomePage/projects/projects/0/stack/6: 0da880d957cec6f58741b296fb35be20
    HomePage/projects/projects/1/title: 20cb7df2f5f68bfd5490c226fe6b57e5
    HomePage/projects/projects/1/shortDescription: 29ff6ce3241d077294b530bcf84804a9
    HomePage/projects/projects/1/description: 74e7f3c65bf6aaca717a450a17b67fc0
    HomePage/projects/projects/1/goal: e4e9cc9e37f9a6e1f27cd1a969a73a45
    HomePage/projects/projects/1/features: d11e136546cabe8e36cb4109eb9d27b7
    HomePage/projects/projects/1/stack/0: d63d2a97f55baa75f353987658ddb0a0
    HomePage/projects/projects/1/stack/1: f6605b320b28505c2ec375bf3a9d1695
    HomePage/projects/projects/1/stack/2: 8b7c5ff915250286e1710d2564734ed3
    HomePage/projects/projects/1/stack/3: 65de2e40d29fe3adf6e15ae5b6eac6bd
    HomePage/projects/projects/1/stack/4: 2870f2da591a347ea2fc3771499ca78e
    HomePage/projects/projects/1/stack/5: 36f8ddaf8f76e29bfb4611e550e913ab
    HomePage/projects/projects/1/stack/6: 0076acd8ece73636fa3b6bec1df27f11
    HomePage/projects/projects/1/stack/7: ee6f06302cf03eb777f1eb17b37da029
    HomePage/projects/projects/1/stack/8: 82608769fe5fb1af4fd531f38cb5c333
    HomePage/projects/projects/2/title: 6526ff87db7308c758491f446052e8b4
    HomePage/projects/projects/2/shortDescription: 1712863e833c6fe51e6ebf68d93f7141
    HomePage/projects/projects/2/description: 5557e80d343443f6bc23f1a029c79398
    HomePage/projects/projects/2/goal: 70828744ccc9d8bd1503f43250bd3193
    HomePage/projects/projects/2/features: 32d735347885c9cd93820f022b50d0f6
    HomePage/projects/projects/2/stack/0: fab52944eac83f39473becf87aba4351
    HomePage/projects/projects/2/stack/1: 19df6559af13aeeea62fcc45a40f5495
    HomePage/projects/projects/2/stack/2: 1d1473df8cfd1eea9663d7b27106a28c
    HomePage/projects/projects/2/stack/3: 8ba3424e48dba8e5c1d91a6ec26c39ac
    HomePage/projects/projects/2/stack/4: e84d98fc88c1e695142a4dea0f99ad93
    HomePage/projects/projects/2/stack/5: 48e97965b90c5a76473723dd3681cae5
    HomePage/projects/projects/2/stack/6: a5c9281e08aa67da3be865428d75d084
    HomePage/projects/view: 36a9b5e3dc153c036d320460d72a03c3
    HomePage/testimonials/badge: e958aa3d3743031e2cbfbfd8f1e381f6
    HomePage/testimonials/title: bf53e8dee0e5db47b9351062bbc8f953
    HomePage/testimonials/description: 4529b990e81e6124930dffd7e6e95a1d
    HomePage/testimonials/list/first/author/name: 72b763be6e813529e1cd248138aae590
    HomePage/testimonials/list/first/author/handle: a87b9fd54a0b3177e8a3b8b9e867aefc
    HomePage/testimonials/list/first/text: d9362fb486c1c276cbe418ec7ecd1b56
    HomePage/testimonials/list/second/author/name: ab2609cae73018f30b5a7d77040bebc7
    HomePage/testimonials/list/second/author/handle: a60c831b5ea49b01908bd8e01e0f27de
    HomePage/testimonials/list/second/text: 4c9c7e6844a698f6a2097b93ea935d5f
    HomePage/testimonials/list/third/author/name: eca6100f86ef912d0d637f084c4c03c6
    HomePage/testimonials/list/third/author/handle: faa03cd6889d47e8a57086897d45aefa
    HomePage/testimonials/list/third/text: 5951f8c0c10b7a39bf404fcaa6cd65c0
    HomePage/testimonials/list/fourth/author/name: e92cbec5e11f0f56e930a93fb7a4d78e
    HomePage/testimonials/list/fourth/author/handle: 0d416eb93da488657815b76a1e3925dc
    HomePage/testimonials/list/fourth/text: 28b0c06d43fad30c4da809411e451968
    HomePage/skills/badge: 7faf2ab216c560480105ef41f2264f11
    HomePage/skills/title: 4503710f360eac6ce17caf1c22c1bbfd
    HomePage/skills/description: 24a88f82b6ce8b8d893b14d55c0afa6e
    HomePage/skills/note: 5d9c0c00b3750d4c074971f802d4c8b6
    HomePage/skills/python/name: f396d32607ee0981634cb9f9b7665617
    HomePage/skills/python/description: b957df3689d771f8099d18c1ff2e85a2
    HomePage/skills/typeScript/name: d63d2a97f55baa75f353987658ddb0a0
    HomePage/skills/typeScript/description: 60328788f7891b70c96aa256ce9ec9fc
    HomePage/skills/postgreSQL/name: a04c25ea63310392be4529d412de63f0
    HomePage/skills/postgreSQL/description: f80873a1d9f80312f348fbd5264d9133
    HomePage/skills/nextJs/name: 9104a97c2178733d73fd8df641a6a432
    HomePage/skills/nextJs/description: 4ee3aa3b69abfcbc5d346fd0fb44dc3f
    HomePage/skills/nestJs/name: a51e2989741bba2644267a2c1bf3a151
    HomePage/skills/nestJs/description: aaec9aca048987aaa03eb12002f4aeaa
    HomePage/skills/ciCd/name: 64ac861ba43fc3c41a851b23f5f6c2f3
    HomePage/skills/ciCd/description: 81f7a14011b7db095405be8b71b293a9
    HomePage/skills/lowLevel/name: dede0ae4c7e576528084aee06b252005
    HomePage/skills/lowLevel/description: d733e9ab5f4f038bca84485cf3ccf4ba
    HomePage/skills/andOther: a76a7b4f474d4b93dcff81ca6297b789
    HomePage/skills/years: 894754a0fd1ccd6e4dd95a7dd62088eb
    HomePage/skills/months: d4e5fc570ca0d0d76ced2e3f9de48951
    HomePage/skills/moreThanOneYear: 0874e1a3d9641cf2f56503773acd06ef
    HomePage/faq/badge: 47e0ee2eb40b4e7e732e05e2233fc71c
    HomePage/faq/title: e598091d132f890c37a6d4ed94f6d794
    HomePage/faq/description: cd9482c8ebd75df2a1016e38bcc8ff46
    HomePage/faq/questions/0/question: 837019d4c11dac47b7106e14121450c2
    HomePage/faq/questions/0/answer: 67868b118b2d00364516e0edb341181b
    HomePage/faq/questions/1/question: b95299a3d3ff4c75a84a54204f138507
    HomePage/faq/questions/1/answer: a49b11945f067feca7fc06f8247660e8
    HomePage/faq/questions/2/question: f252e836a05d884e060d3e2d7dcbce74
    HomePage/faq/questions/2/answer: d1a7737fc5491a8bf7a49f9321112487
    HomePage/faq/questions/3/question: cd21e5b12a620d6a155f78d4f0b06939
    HomePage/faq/questions/3/answer: b9f6852c175ff4e4455ff874bd42c53a
    HomePage/faq/questions/4/question: 6a2136b6dba6ea508b09850929621e05
    HomePage/faq/questions/4/answer: 91bba871ab934324179073dc15fcb49b
    footer/badge: 8b48aa9cca77a080eceeca20cebb42b5
    footer/contact/badge: 9afa39bc47019ee6dec6c74b6273967c
    footer/contact/title: 35323605e31c113fd664486afc33f3eb
    footer/contact/subtitle/first: 78652a51eaf6c703994f7cdac7f1fa4d
    footer/contact/subtitle/second: fa9f62804a06d95a053a5b12ca00f866
    footer/contact/or: 7b133c38bec0d5ee23cc6bcf9a8de50b
    footer/contact/copyEmail: 8992c838874db83e3cc89c9fb4442bfd
    footer/contact/copied: 6a3c394a9a51646bad2f72d7311b242d
    footer/contact/form/namePlaceholder: cd95fbdd0533f2c2e8edf9d9bd9aa8df
    footer/contact/form/emailPlaceholder: 39931962707c99b99a5a073ab579396b
    footer/contact/form/companyPlaceholder: 36ad7bed737d4edff8d43da3b790caca
    footer/contact/form/messagePlaceholder: 33e73ad1e947846d8c99ab79822c0c6e
    footer/contact/form/sendButton: 19e7006870c6e407dece25ee8c9d5333
    footer/contact/form/sendingButton: 313baf79716ca9d57de864eaac4a602a
    footer/contact/form/successMessage: 61fc4af5418581db1b4241042effd316
    footer/contact/form/errorMessage: 587191a1921a4abea1edaae38b1bb548
    footer/contact/form/rateLimitMessage: 761b1e970b1618b20d63f0910341be9b
    footer/contact/form/validation/emailInvalid: 4157c206eb09e5f58cd1804be8689c55
    footer/contact/form/validation/nameMinLength: 27963fec1e174e80df9a17047fa2ebff
    footer/contact/form/validation/nameMaxLength: 62a113de7bcca03e52cdcecb5ebc45cd
    footer/contact/form/validation/companyMinLength: 15b91ed11d66c41c480ae6e16f944810
    footer/contact/form/validation/companyMaxLength: fe90b1d98a86ee28755dff599f3601e4
    footer/contact/form/validation/messageMinLength: 6efae8e1df83a68c78c6d8b90f7c024c
    footer/contact/form/validation/messageMaxLength: 214d03697f6c7b0b7bd20082a356b66a
    footer/contact/form/turnstileError: 25bfa2fc111e7d755d4061cdf10256d1
    shared/defaultTitle: 722f31492512f42f8274af0a6cb22e30
    shared/defaultDescription: d06d24ed0610c2ccd8cd94ffce58d947
    shared/modeToggle/light: bb78ea2c6edd8662676c81a8a13ecb93
    shared/modeToggle/dark: 73e6e208ba628b26e90fcf6dce15e1b2
    shared/modeToggle/system: 803281c327a02a2feba182f4a2b38311
    shared/modeToggle/toggle: cf4f92cd5b5304031f4cd10b8ad93a2b
    shared/noScriptBanner/message: 0c08704849d9594520639071d518b9aa
    shared/languageSwitch: 53bea3a813015ca3bf2e4cc6a269fb74
    shared/close: 2c2e22f8424a1031de89063bd0022e16
    shared/readMore: 66926b6290ca357f9544aa4f11b67b5a
    notFound/title: 5b1dea4722f8fd52b68f7ac5ce89875d
    notFound/description: 65ad307ba26227fe44343f17e52138de
    notFound/goHome: 377f3be7cfb6c1ffb55a75d90ce91f2f
    error/title: a3cd2f01c073f1f5ff436d4b132d39cf
    error/description: b51138efbd3b08b1733dd6ded83c5e30
    error/technicalDetails: a63b544e60fd041e70e278e61b525df6
    error/tryAgain: 33dd8820e743e35a66e6977f69e9d3b5
    error/goHome: 377f3be7cfb6c1ffb55a75d90ce91f2f
    navbar/contactMe: a6e7fa10e8e1473c3cfae16f81e564fd
    navbar/sections/hero: 104a3db3b671c04e167eafbe21e57881
    navbar/sections/about: 2143f5406d1eec5b83cff6daa4ba873f
    navbar/sections/projects: fe8af5cfb3c95cb35534872a325b225e
    navbar/sections/testimonials: e958aa3d3743031e2cbfbfd8f1e381f6
    navbar/sections/faq: 47e0ee2eb40b4e7e732e05e2233fc71c
    header/note: 5b154d9c59edc7815a0b66cdfb1b776e
